// !$*UTF8*$!
{
	archiveVersion = 1;
	classes = {
	};
	objectVersion = 50;
	objects = {

/* Begin PBXBuildFile section */
		5EF3D3DDDB8CDC557C9F3BE5 /* libPods-Sketchpad.a in Frameworks */ = {isa = PBXBuildFile; fileRef = 51B87D1C8C3D1DC4BC50B5E7 /* libPods-Sketchpad.a */; };
		E105743D2273AAAD0044E686 /* AppDelegate.m in Sources */ = {isa = PBXBuildFile; fileRef = E105743C2273AAAD0044E686 /* AppDelegate.m */; };
		E10574432273AAAD0044E686 /* Main.storyboard in Resources */ = {isa = PBXBuildFile; fileRef = E10574412273AAAD0044E686 /* Main.storyboard */; };
		E10574452273AAAE0044E686 /* Assets.xcassets in Resources */ = {isa = PBXBuildFile; fileRef = E10574442273AAAE0044E686 /* Assets.xcassets */; };
		E10574482273AAAE0044E686 /* LaunchScreen.storyboard in Resources */ = {isa = PBXBuildFile; fileRef = E10574462273AAAE0044E686 /* LaunchScreen.storyboard */; };
		E105744B2273AAAE0044E686 /* main.m in Sources */ = {isa = PBXBuildFile; fileRef = E105744A2273AAAE0044E686 /* main.m */; };
		E120213D2273B2D400DC71A9 /* ColorPickerView.xib in Resources */ = {isa = PBXBuildFile; fileRef = E120213C2273B2D400DC71A9 /* ColorPickerView.xib */; };
		E12021432273B3CB00DC71A9 /* ColorPickerView.m in Sources */ = {isa = PBXBuildFile; fileRef = E12021422273B3CB00DC71A9 /* ColorPickerView.m */; };
		E12021472273E05E00DC71A9 /* UIColor+Extensions.m in Sources */ = {isa = PBXBuildFile; fileRef = E12021462273E05E00DC71A9 /* UIColor+Extensions.m */; };
		E120214B2273F4DC00DC71A9 /* CanvasViewController.m in Sources */ = {isa = PBXBuildFile; fileRef = E120214A2273F4DC00DC71A9 /* CanvasViewController.m */; };
		E120214F2274054300DC71A9 /* BrushManager.m in Sources */ = {isa = PBXBuildFile; fileRef = E120214E2274054300DC71A9 /* BrushManager.m */; };
		E1297C5D2278A5F70040364F /* FeedViewController.m in Sources */ = {isa = PBXBuildFile; fileRef = E1297C5C2278A5F70040364F /* FeedViewController.m */; };
		E1297C602278A9330040364F /* ImageCell.m in Sources */ = {isa = PBXBuildFile; fileRef = E1297C5F2278A9330040364F /* ImageCell.m */; };
		E14DE78B227916D1002840BD /* ImagePicker.m in Sources */ = {isa = PBXBuildFile; fileRef = E14DE78A227916D1002840BD /* ImagePicker.m */; };
		E17136C92274B940005A9A3A /* SettingsViewController.m in Sources */ = {isa = PBXBuildFile; fileRef = E17136C82274B940005A9A3A /* SettingsViewController.m */; };
		E17136CC2274C7C5005A9A3A /* SliderView.m in Sources */ = {isa = PBXBuildFile; fileRef = E17136CB2274C7C5005A9A3A /* SliderView.m */; };
		E1887D1422779BF500A438DA /* GoogleService-Info.plist in Resources */ = {isa = PBXBuildFile; fileRef = E1887D1322779BF400A438DA /* GoogleService-Info.plist */; };
		E1887D172277B76500A438DA /* FirebaseManager.m in Sources */ = {isa = PBXBuildFile; fileRef = E1887D162277B76500A438DA /* FirebaseManager.m */; };
		E1887D1C2277D7F600A438DA /* SketchPost.m in Sources */ = {isa = PBXBuildFile; fileRef = E1887D1B2277D7F600A438DA /* SketchPost.m */; };
		E1FA86012277820E00E4B3C3 /* UIViewController+Extensions.m in Sources */ = {isa = PBXBuildFile; fileRef = E1FA86002277820E00E4B3C3 /* UIViewController+Extensions.m */; };
/* End PBXBuildFile section */

/* Begin PBXFileReference section */
		09E6B8C3BBE6F2D1710355A4 /* Pods-Sketchpad.debug.xcconfig */ = {isa = PBXFileReference; includeInIndex = 1; lastKnownFileType = text.xcconfig; name = "Pods-Sketchpad.debug.xcconfig"; path = "Target Support Files/Pods-Sketchpad/Pods-Sketchpad.debug.xcconfig"; sourceTree = "<group>"; };
		51B87D1C8C3D1DC4BC50B5E7 /* libPods-Sketchpad.a */ = {isa = PBXFileReference; explicitFileType = archive.ar; includeInIndex = 0; path = "libPods-Sketchpad.a"; sourceTree = BUILT_PRODUCTS_DIR; };
		E10574382273AAAD0044E686 /* Sketchpad.app */ = {isa = PBXFileReference; explicitFileType = wrapper.application; includeInIndex = 0; path = Sketchpad.app; sourceTree = BUILT_PRODUCTS_DIR; };
		E105743B2273AAAD0044E686 /* AppDelegate.h */ = {isa = PBXFileReference; lastKnownFileType = sourcecode.c.h; path = AppDelegate.h; sourceTree = "<group>"; };
		E105743C2273AAAD0044E686 /* AppDelegate.m */ = {isa = PBXFileReference; lastKnownFileType = sourcecode.c.objc; path = AppDelegate.m; sourceTree = "<group>"; };
		E10574422273AAAD0044E686 /* Base */ = {isa = PBXFileReference; lastKnownFileType = file.storyboard; name = Base; path = Base.lproj/Main.storyboard; sourceTree = "<group>"; };
		E10574442273AAAE0044E686 /* Assets.xcassets */ = {isa = PBXFileReference; lastKnownFileType = folder.assetcatalog; path = Assets.xcassets; sourceTree = "<group>"; };
		E10574472273AAAE0044E686 /* Base */ = {isa = PBXFileReference; lastKnownFileType = file.storyboard; name = Base; path = Base.lproj/LaunchScreen.storyboard; sourceTree = "<group>"; };
		E10574492273AAAE0044E686 /* Info.plist */ = {isa = PBXFileReference; lastKnownFileType = text.plist.xml; path = Info.plist; sourceTree = "<group>"; };
		E105744A2273AAAE0044E686 /* main.m */ = {isa = PBXFileReference; lastKnownFileType = sourcecode.c.objc; path = main.m; sourceTree = "<group>"; };
		E120213C2273B2D400DC71A9 /* ColorPickerView.xib */ = {isa = PBXFileReference; lastKnownFileType = file.xib; path = ColorPickerView.xib; sourceTree = "<group>"; };
		E12021412273B3CB00DC71A9 /* ColorPickerView.h */ = {isa = PBXFileReference; lastKnownFileType = sourcecode.c.h; path = ColorPickerView.h; sourceTree = "<group>"; };
		E12021422273B3CB00DC71A9 /* ColorPickerView.m */ = {isa = PBXFileReference; lastKnownFileType = sourcecode.c.objc; path = ColorPickerView.m; sourceTree = "<group>"; };
		E12021452273E05E00DC71A9 /* UIColor+Extensions.h */ = {isa = PBXFileReference; lastKnownFileType = sourcecode.c.h; path = "UIColor+Extensions.h"; sourceTree = "<group>"; };
		E12021462273E05E00DC71A9 /* UIColor+Extensions.m */ = {isa = PBXFileReference; lastKnownFileType = sourcecode.c.objc; path = "UIColor+Extensions.m"; sourceTree = "<group>"; };
		E12021482273EA0700DC71A9 /* ColorPickerDelegate.h */ = {isa = PBXFileReference; lastKnownFileType = sourcecode.c.h; path = ColorPickerDelegate.h; sourceTree = "<group>"; };
		E12021492273F4DC00DC71A9 /* CanvasViewController.h */ = {isa = PBXFileReference; lastKnownFileType = sourcecode.c.h; path = CanvasViewController.h; sourceTree = "<group>"; };
		E120214A2273F4DC00DC71A9 /* CanvasViewController.m */ = {isa = PBXFileReference; lastKnownFileType = sourcecode.c.objc; path = CanvasViewController.m; sourceTree = "<group>"; };
		E120214D2274054300DC71A9 /* BrushManager.h */ = {isa = PBXFileReference; lastKnownFileType = sourcecode.c.h; path = BrushManager.h; sourceTree = "<group>"; };
		E120214E2274054300DC71A9 /* BrushManager.m */ = {isa = PBXFileReference; lastKnownFileType = sourcecode.c.objc; path = BrushManager.m; sourceTree = "<group>"; };
		E1297C5B2278A5F70040364F /* FeedViewController.h */ = {isa = PBXFileReference; lastKnownFileType = sourcecode.c.h; path = FeedViewController.h; sourceTree = "<group>"; };
		E1297C5C2278A5F70040364F /* FeedViewController.m */ = {isa = PBXFileReference; lastKnownFileType = sourcecode.c.objc; path = FeedViewController.m; sourceTree = "<group>"; };
		E1297C5E2278A9330040364F /* ImageCell.h */ = {isa = PBXFileReference; lastKnownFileType = sourcecode.c.h; path = ImageCell.h; sourceTree = "<group>"; };
		E1297C5F2278A9330040364F /* ImageCell.m */ = {isa = PBXFileReference; lastKnownFileType = sourcecode.c.objc; path = ImageCell.m; sourceTree = "<group>"; };
		E14DE789227916D1002840BD /* ImagePicker.h */ = {isa = PBXFileReference; lastKnownFileType = sourcecode.c.h; path = ImagePicker.h; sourceTree = "<group>"; };
		E14DE78A227916D1002840BD /* ImagePicker.m */ = {isa = PBXFileReference; lastKnownFileType = sourcecode.c.objc; path = ImagePicker.m; sourceTree = "<group>"; };
		E17136C72274B940005A9A3A /* SettingsViewController.h */ = {isa = PBXFileReference; lastKnownFileType = sourcecode.c.h; path = SettingsViewController.h; sourceTree = "<group>"; };
		E17136C82274B940005A9A3A /* SettingsViewController.m */ = {isa = PBXFileReference; lastKnownFileType = sourcecode.c.objc; path = SettingsViewController.m; sourceTree = "<group>"; };
		E17136CA2274C7C5005A9A3A /* SliderView.h */ = {isa = PBXFileReference; lastKnownFileType = sourcecode.c.h; path = SliderView.h; sourceTree = "<group>"; };
		E17136CB2274C7C5005A9A3A /* SliderView.m */ = {isa = PBXFileReference; lastKnownFileType = sourcecode.c.objc; path = SliderView.m; sourceTree = "<group>"; };
		E17136CD2274D1BA005A9A3A /* SliderViewDelegate.h */ = {isa = PBXFileReference; lastKnownFileType = sourcecode.c.h; path = SliderViewDelegate.h; sourceTree = "<group>"; };
		E1887D1322779BF400A438DA /* GoogleService-Info.plist */ = {isa = PBXFileReference; fileEncoding = 4; lastKnownFileType = text.plist.xml; path = "GoogleService-Info.plist"; sourceTree = "<group>"; };
		E1887D152277B76500A438DA /* FirebaseManager.h */ = {isa = PBXFileReference; lastKnownFileType = sourcecode.c.h; path = FirebaseManager.h; sourceTree = "<group>"; };
		E1887D162277B76500A438DA /* FirebaseManager.m */ = {isa = PBXFileReference; lastKnownFileType = sourcecode.c.objc; path = FirebaseManager.m; sourceTree = "<group>"; };
		E1887D1A2277D7F600A438DA /* SketchPost.h */ = {isa = PBXFileReference; lastKnownFileType = sourcecode.c.h; path = SketchPost.h; sourceTree = "<group>"; };
		E1887D1B2277D7F600A438DA /* SketchPost.m */ = {isa = PBXFileReference; lastKnownFileType = sourcecode.c.objc; path = SketchPost.m; sourceTree = "<group>"; };
		E1FA85FF2277820E00E4B3C3 /* UIViewController+Extensions.h */ = {isa = PBXFileReference; lastKnownFileType = sourcecode.c.h; path = "UIViewController+Extensions.h"; sourceTree = "<group>"; };
		E1FA86002277820E00E4B3C3 /* UIViewController+Extensions.m */ = {isa = PBXFileReference; lastKnownFileType = sourcecode.c.objc; path = "UIViewController+Extensions.m"; sourceTree = "<group>"; };
		F7176AFD586EB7EB250F507E /* Pods-Sketchpad.release.xcconfig */ = {isa = PBXFileReference; includeInIndex = 1; lastKnownFileType = text.xcconfig; name = "Pods-Sketchpad.release.xcconfig"; path = "Target Support Files/Pods-Sketchpad/Pods-Sketchpad.release.xcconfig"; sourceTree = "<group>"; };
/* End PBXFileReference section */

/* Begin PBXFrameworksBuildPhase section */
		E10574352273AAAD0044E686 /* Frameworks */ = {
			isa = PBXFrameworksBuildPhase;
			buildActionMask = 2147483647;
			files = (
				5EF3D3DDDB8CDC557C9F3BE5 /* libPods-Sketchpad.a in Frameworks */,
			);
			runOnlyForDeploymentPostprocessing = 0;
		};
/* End PBXFrameworksBuildPhase section */

/* Begin PBXGroup section */
		A20864EF86E90BDEB87B5B4A /* Frameworks */ = {
			isa = PBXGroup;
			children = (
				51B87D1C8C3D1DC4BC50B5E7 /* libPods-Sketchpad.a */,
			);
			name = Frameworks;
			sourceTree = "<group>";
		};
		CECAF7274EDC1E99B320EBCD /* Pods */ = {
			isa = PBXGroup;
			children = (
				09E6B8C3BBE6F2D1710355A4 /* Pods-Sketchpad.debug.xcconfig */,
				F7176AFD586EB7EB250F507E /* Pods-Sketchpad.release.xcconfig */,
			);
			path = Pods;
			sourceTree = "<group>";
		};
		E105742F2273AAAD0044E686 = {
			isa = PBXGroup;
			children = (
				E105743A2273AAAD0044E686 /* Sketchpad */,
				E10574392273AAAD0044E686 /* Products */,
				CECAF7274EDC1E99B320EBCD /* Pods */,
				A20864EF86E90BDEB87B5B4A /* Frameworks */,
			);
			sourceTree = "<group>";
		};
		E10574392273AAAD0044E686 /* Products */ = {
			isa = PBXGroup;
			children = (
				E10574382273AAAD0044E686 /* Sketchpad.app */,
			);
			name = Products;
			sourceTree = "<group>";
		};
		E105743A2273AAAD0044E686 /* Sketchpad */ = {
			isa = PBXGroup;
			children = (
				E105744A2273AAAE0044E686 /* main.m */,
				E10574512273ABCB0044E686 /* AppDelegate */,
				E10574522273ABD70044E686 /* Storyboard */,
				E120214C2274051C00DC71A9 /* Model */,
				E10574532273AED50044E686 /* View */,
				E10574542273AEDC0044E686 /* Controller */,
				E12021442273E02500DC71A9 /* Extensions */,
				E10574442273AAAE0044E686 /* Assets.xcassets */,
				E10574492273AAAE0044E686 /* Info.plist */,
				E1887D1322779BF400A438DA /* GoogleService-Info.plist */,
			);
			path = Sketchpad;
			sourceTree = "<group>";
		};
		E10574512273ABCB0044E686 /* AppDelegate */ = {
			isa = PBXGroup;
			children = (
				E105743B2273AAAD0044E686 /* AppDelegate.h */,
				E105743C2273AAAD0044E686 /* AppDelegate.m */,
			);
			path = AppDelegate;
			sourceTree = "<group>";
		};
		E10574522273ABD70044E686 /* Storyboard */ = {
			isa = PBXGroup;
			children = (
				E10574412273AAAD0044E686 /* Main.storyboard */,
				E10574462273AAAE0044E686 /* LaunchScreen.storyboard */,
			);
			path = Storyboard;
			sourceTree = "<group>";
		};
		E10574532273AED50044E686 /* View */ = {
			isa = PBXGroup;
			children = (
				E17136CE2274F5F0005A9A3A /* ColorPicker */,
				E17136CF2274F5FB005A9A3A /* SliderView */,
				E1297C5E2278A9330040364F /* ImageCell.h */,
				E1297C5F2278A9330040364F /* ImageCell.m */,
				E14DE78C227916D6002840BD /* ImagePicker */,
			);
			path = View;
			sourceTree = "<group>";
		};
		E10574542273AEDC0044E686 /* Controller */ = {
			isa = PBXGroup;
			children = (
				E12021492273F4DC00DC71A9 /* CanvasViewController.h */,
				E120214A2273F4DC00DC71A9 /* CanvasViewController.m */,
				E17136C72274B940005A9A3A /* SettingsViewController.h */,
				E17136C82274B940005A9A3A /* SettingsViewController.m */,
				E1297C5B2278A5F70040364F /* FeedViewController.h */,
				E1297C5C2278A5F70040364F /* FeedViewController.m */,
			);
			path = Controller;
			sourceTree = "<group>";
		};
		E12021442273E02500DC71A9 /* Extensions */ = {
			isa = PBXGroup;
			children = (
				E12021452273E05E00DC71A9 /* UIColor+Extensions.h */,
				E12021462273E05E00DC71A9 /* UIColor+Extensions.m */,
				E1FA85FF2277820E00E4B3C3 /* UIViewController+Extensions.h */,
				E1FA86002277820E00E4B3C3 /* UIViewController+Extensions.m */,
			);
			path = Extensions;
			sourceTree = "<group>";
		};
		E120214C2274051C00DC71A9 /* Model */ = {
			isa = PBXGroup;
			children = (
				E120214D2274054300DC71A9 /* BrushManager.h */,
				E120214E2274054300DC71A9 /* BrushManager.m */,
				E1887D152277B76500A438DA /* FirebaseManager.h */,
				E1887D162277B76500A438DA /* FirebaseManager.m */,
				E1887D1A2277D7F600A438DA /* SketchPost.h */,
				E1887D1B2277D7F600A438DA /* SketchPost.m */,
			);
			path = Model;
			sourceTree = "<group>";
		};
		E14DE78C227916D6002840BD /* ImagePicker */ = {
			isa = PBXGroup;
			children = (
				E14DE789227916D1002840BD /* ImagePicker.h */,
				E14DE78A227916D1002840BD /* ImagePicker.m */,
			);
			path = ImagePicker;
			sourceTree = "<group>";
		};
		E17136CE2274F5F0005A9A3A /* ColorPicker */ = {
			isa = PBXGroup;
			children = (
				E120213C2273B2D400DC71A9 /* ColorPickerView.xib */,
				E12021412273B3CB00DC71A9 /* ColorPickerView.h */,
				E12021422273B3CB00DC71A9 /* ColorPickerView.m */,
				E12021482273EA0700DC71A9 /* ColorPickerDelegate.h */,
			);
			path = ColorPicker;
			sourceTree = "<group>";
		};
		E17136CF2274F5FB005A9A3A /* SliderView */ = {
			isa = PBXGroup;
			children = (
				E17136CA2274C7C5005A9A3A /* SliderView.h */,
				E17136CB2274C7C5005A9A3A /* SliderView.m */,
				E17136CD2274D1BA005A9A3A /* SliderViewDelegate.h */,
			);
			path = SliderView;
			sourceTree = "<group>";
		};
/* End PBXGroup section */

/* Begin PBXNativeTarget section */
		E10574372273AAAD0044E686 /* Sketchpad */ = {
			isa = PBXNativeTarget;
			buildConfigurationList = E105744E2273AAAE0044E686 /* Build configuration list for PBXNativeTarget "Sketchpad" */;
			buildPhases = (
				828D9174531D9E1E122CCB3B /* [CP] Check Pods Manifest.lock */,
				E10574342273AAAD0044E686 /* Sources */,
				E10574352273AAAD0044E686 /* Frameworks */,
				E10574362273AAAD0044E686 /* Resources */,
				4FB221B7BA3DBFDB0A263AC3 /* [CP] Copy Pods Resources */,
			);
			buildRules = (
			);
			dependencies = (
			);
			name = Sketchpad;
			productName = Sketchpad;
			productReference = E10574382273AAAD0044E686 /* Sketchpad.app */;
			productType = "com.apple.product-type.application";
		};
/* End PBXNativeTarget section */

/* Begin PBXProject section */
		E10574302273AAAD0044E686 /* Project object */ = {
			isa = PBXProject;
			attributes = {
				LastUpgradeCheck = 1020;
				ORGANIZATIONNAME = iOSPlayground;
				TargetAttributes = {
					E10574372273AAAD0044E686 = {
						CreatedOnToolsVersion = 10.2;
					};
				};
			};
			buildConfigurationList = E10574332273AAAD0044E686 /* Build configuration list for PBXProject "Sketchpad" */;
			compatibilityVersion = "Xcode 9.3";
			developmentRegion = en;
			hasScannedForEncodings = 0;
			knownRegions = (
				en,
				Base,
			);
			mainGroup = E105742F2273AAAD0044E686;
			productRefGroup = E10574392273AAAD0044E686 /* Products */;
			projectDirPath = "";
			projectRoot = "";
			targets = (
				E10574372273AAAD0044E686 /* Sketchpad */,
			);
		};
/* End PBXProject section */

/* Begin PBXResourcesBuildPhase section */
		E10574362273AAAD0044E686 /* Resources */ = {
			isa = PBXResourcesBuildPhase;
			buildActionMask = 2147483647;
			files = (
				E120213D2273B2D400DC71A9 /* ColorPickerView.xib in Resources */,
				E10574482273AAAE0044E686 /* LaunchScreen.storyboard in Resources */,
				E1887D1422779BF500A438DA /* GoogleService-Info.plist in Resources */,
				E10574452273AAAE0044E686 /* Assets.xcassets in Resources */,
				E10574432273AAAD0044E686 /* Main.storyboard in Resources */,
			);
			runOnlyForDeploymentPostprocessing = 0;
		};
/* End PBXResourcesBuildPhase section */

/* Begin PBXShellScriptBuildPhase section */
		4FB221B7BA3DBFDB0A263AC3 /* [CP] Copy Pods Resources */ = {
			isa = PBXShellScriptBuildPhase;
			buildActionMask = 2147483647;
			files = (
			);
			inputFileListPaths = (
			);
			inputPaths = (
				"${PODS_ROOT}/Target Support Files/Pods-Sketchpad/Pods-Sketchpad-resources.sh",
				"${PODS_ROOT}/SVProgressHUD/SVProgressHUD/SVProgressHUD.bundle",
			);
			name = "[CP] Copy Pods Resources";
			outputFileListPaths = (
			);
			outputPaths = (
				"${TARGET_BUILD_DIR}/${UNLOCALIZED_RESOURCES_FOLDER_PATH}/SVProgressHUD.bundle",
			);
			runOnlyForDeploymentPostprocessing = 0;
			shellPath = /bin/sh;
			shellScript = "\"${PODS_ROOT}/Target Support Files/Pods-Sketchpad/Pods-Sketchpad-resources.sh\"\n";
			showEnvVarsInLog = 0;
		};
		828D9174531D9E1E122CCB3B /* [CP] Check Pods Manifest.lock */ = {
			isa = PBXShellScriptBuildPhase;
			buildActionMask = 2147483647;
			files = (
			);
			inputFileListPaths = (
			);
			inputPaths = (
				"${PODS_PODFILE_DIR_PATH}/Podfile.lock",
				"${PODS_ROOT}/Manifest.lock",
			);
			name = "[CP] Check Pods Manifest.lock";
			outputFileListPaths = (
			);
			outputPaths = (
				"$(DERIVED_FILE_DIR)/Pods-Sketchpad-checkManifestLockResult.txt",
			);
			runOnlyForDeploymentPostprocessing = 0;
			shellPath = /bin/sh;
			shellScript = "diff \"${PODS_PODFILE_DIR_PATH}/Podfile.lock\" \"${PODS_ROOT}/Manifest.lock\" > /dev/null\nif [ $? != 0 ] ; then\n    # print error to STDERR\n    echo \"error: The sandbox is not in sync with the Podfile.lock. Run 'pod install' or update your CocoaPods installation.\" >&2\n    exit 1\nfi\n# This output is used by Xcode 'outputs' to avoid re-running this script phase.\necho \"SUCCESS\" > \"${SCRIPT_OUTPUT_FILE_0}\"\n";
			showEnvVarsInLog = 0;
		};
/* End PBXShellScriptBuildPhase section */

/* Begin PBXSourcesBuildPhase section */
		E10574342273AAAD0044E686 /* Sources */ = {
			isa = PBXSourcesBuildPhase;
			buildActionMask = 2147483647;
			files = (
				E1FA86012277820E00E4B3C3 /* UIViewController+Extensions.m in Sources */,
				E120214F2274054300DC71A9 /* BrushManager.m in Sources */,
				E1887D172277B76500A438DA /* FirebaseManager.m in Sources */,
				E12021432273B3CB00DC71A9 /* ColorPickerView.m in Sources */,
				E17136C92274B940005A9A3A /* SettingsViewController.m in Sources */,
				E1887D1C2277D7F600A438DA /* SketchPost.m in Sources */,
				E17136CC2274C7C5005A9A3A /* SliderView.m in Sources */,
				E120214B2273F4DC00DC71A9 /* CanvasViewController.m in Sources */,
				E105744B2273AAAE0044E686 /* main.m in Sources */,
				E105743D2273AAAD0044E686 /* AppDelegate.m in Sources */,
				E1297C602278A9330040364F /* ImageCell.m in Sources */,
				E1297C5D2278A5F70040364F /* FeedViewController.m in Sources */,
				E12021472273E05E00DC71A9 /* UIColor+Extensions.m in Sources */,
				E14DE78B227916D1002840BD /* ImagePicker.m in Sources */,
			);
			runOnlyForDeploymentPostprocessing = 0;
		};
/* End PBXSourcesBuildPhase section */

/* Begin PBXVariantGroup section */
		E10574412273AAAD0044E686 /* Main.storyboard */ = {
			isa = PBXVariantGroup;
			children = (
				E10574422273AAAD0044E686 /* Base */,
			);
			name = Main.storyboard;
			sourceTree = "<group>";
		};
		E10574462273AAAE0044E686 /* LaunchScreen.storyboard */ = {
			isa = PBXVariantGroup;
			children = (
				E10574472273AAAE0044E686 /* Base */,
			);
			name = LaunchScreen.storyboard;
			sourceTree = "<group>";
		};
/* End PBXVariantGroup section */

/* Begin XCBuildConfiguration section */
		E105744C2273AAAE0044E686 /* Debug */ = {
			isa = XCBuildConfiguration;
			buildSettings = {
				ALWAYS_SEARCH_USER_PATHS = NO;
				CLANG_ANALYZER_NONNULL = YES;
				CLANG_ANALYZER_NUMBER_OBJECT_CONVERSION = YES_AGGRESSIVE;
				CLANG_CXX_LANGUAGE_STANDARD = "gnu++14";
				CLANG_CXX_LIBRARY = "libc++";
				CLANG_ENABLE_MODULES = YES;
				CLANG_ENABLE_OBJC_ARC = YES;
				CLANG_ENABLE_OBJC_WEAK = YES;
				CLANG_WARN_BLOCK_CAPTURE_AUTORELEASING = YES;
				CLANG_WARN_BOOL_CONVERSION = YES;
				CLANG_WARN_COMMA = YES;
				CLANG_WARN_CONSTANT_CONVERSION = YES;
				CLANG_WARN_DEPRECATED_OBJC_IMPLEMENTATIONS = YES;
				CLANG_WARN_DIRECT_OBJC_ISA_USAGE = YES_ERROR;
				CLANG_WARN_DOCUMENTATION_COMMENTS = YES;
				CLANG_WARN_EMPTY_BODY = YES;
				CLANG_WARN_ENUM_CONVERSION = YES;
				CLANG_WARN_INFINITE_RECURSION = YES;
				CLANG_WARN_INT_CONVERSION = YES;
				CLANG_WARN_NON_LITERAL_NULL_CONVERSION = YES;
				CLANG_WARN_OBJC_IMPLICIT_RETAIN_SELF = YES;
				CLANG_WARN_OBJC_LITERAL_CONVERSION = YES;
				CLANG_WARN_OBJC_ROOT_CLASS = YES_ERROR;
				CLANG_WARN_RANGE_LOOP_ANALYSIS = YES;
				CLANG_WARN_STRICT_PROTOTYPES = YES;
				CLANG_WARN_SUSPICIOUS_MOVE = YES;
				CLANG_WARN_UNGUARDED_AVAILABILITY = YES_AGGRESSIVE;
				CLANG_WARN_UNREACHABLE_CODE = YES;
				CLANG_WARN__DUPLICATE_METHOD_MATCH = YES;
				CODE_SIGN_IDENTITY = "iPhone Developer";
				COPY_PHASE_STRIP = NO;
				DEBUG_INFORMATION_FORMAT = dwarf;
				ENABLE_STRICT_OBJC_MSGSEND = YES;
				ENABLE_TESTABILITY = YES;
				GCC_C_LANGUAGE_STANDARD = gnu11;
				GCC_DYNAMIC_NO_PIC = NO;
				GCC_NO_COMMON_BLOCKS = YES;
				GCC_OPTIMIZATION_LEVEL = 0;
				GCC_PREPROCESSOR_DEFINITIONS = (
					"DEBUG=1",
					"$(inherited)",
				);
				GCC_WARN_64_TO_32_BIT_CONVERSION = YES;
				GCC_WARN_ABOUT_RETURN_TYPE = YES_ERROR;
				GCC_WARN_UNDECLARED_SELECTOR = YES;
				GCC_WARN_UNINITIALIZED_AUTOS = YES_AGGRESSIVE;
				GCC_WARN_UNUSED_FUNCTION = YES;
				GCC_WARN_UNUSED_VARIABLE = YES;
				IPHONEOS_DEPLOYMENT_TARGET = 12.2;
				MTL_ENABLE_DEBUG_INFO = INCLUDE_SOURCE;
				MTL_FAST_MATH = YES;
				ONLY_ACTIVE_ARCH = YES;
				SDKROOT = iphoneos;
			};
			name = Debug;
		};
		E105744D2273AAAE0044E686 /* Release */ = {
			isa = XCBuildConfiguration;
			buildSettings = {
				ALWAYS_SEARCH_USER_PATHS = NO;
				CLANG_ANALYZER_NONNULL = YES;
				CLANG_ANALYZER_NUMBER_OBJECT_CONVERSION = YES_AGGRESSIVE;
				CLANG_CXX_LANGUAGE_STANDARD = "gnu++14";
				CLANG_CXX_LIBRARY = "libc++";
				CLANG_ENABLE_MODULES = YES;
				CLANG_ENABLE_OBJC_ARC = YES;
				CLANG_ENABLE_OBJC_WEAK = YES;
				CLANG_WARN_BLOCK_CAPTURE_AUTORELEASING = YES;
				CLANG_WARN_BOOL_CONVERSION = YES;
				CLANG_WARN_COMMA = YES;
				CLANG_WARN_CONSTANT_CONVERSION = YES;
				CLANG_WARN_DEPRECATED_OBJC_IMPLEMENTATIONS = YES;
				CLANG_WARN_DIRECT_OBJC_ISA_USAGE = YES_ERROR;
				CLANG_WARN_DOCUMENTATION_COMMENTS = YES;
				CLANG_WARN_EMPTY_BODY = YES;
				CLANG_WARN_ENUM_CONVERSION = YES;
				CLANG_WARN_INFINITE_RECURSION = YES;
				CLANG_WARN_INT_CONVERSION = YES;
				CLANG_WARN_NON_LITERAL_NULL_CONVERSION = YES;
				CLANG_WARN_OBJC_IMPLICIT_RETAIN_SELF = YES;
				CLANG_WARN_OBJC_LITERAL_CONVERSION = YES;
				CLANG_WARN_OBJC_ROOT_CLASS = YES_ERROR;
				CLANG_WARN_RANGE_LOOP_ANALYSIS = YES;
				CLANG_WARN_STRICT_PROTOTYPES = YES;
				CLANG_WARN_SUSPICIOUS_MOVE = YES;
				CLANG_WARN_UNGUARDED_AVAILABILITY = YES_AGGRESSIVE;
				CLANG_WARN_UNREACHABLE_CODE = YES;
				CLANG_WARN__DUPLICATE_METHOD_MATCH = YES;
				CODE_SIGN_IDENTITY = "iPhone Developer";
				COPY_PHASE_STRIP = NO;
				DEBUG_INFORMATION_FORMAT = "dwarf-with-dsym";
				ENABLE_NS_ASSERTIONS = NO;
				ENABLE_STRICT_OBJC_MSGSEND = YES;
				GCC_C_LANGUAGE_STANDARD = gnu11;
				GCC_NO_COMMON_BLOCKS = YES;
				GCC_WARN_64_TO_32_BIT_CONVERSION = YES;
				GCC_WARN_ABOUT_RETURN_TYPE = YES_ERROR;
				GCC_WARN_UNDECLARED_SELECTOR = YES;
				GCC_WARN_UNINITIALIZED_AUTOS = YES_AGGRESSIVE;
				GCC_WARN_UNUSED_FUNCTION = YES;
				GCC_WARN_UNUSED_VARIABLE = YES;
				IPHONEOS_DEPLOYMENT_TARGET = 12.2;
				MTL_ENABLE_DEBUG_INFO = NO;
				MTL_FAST_MATH = YES;
				SDKROOT = iphoneos;
				VALIDATE_PRODUCT = YES;
			};
			name = Release;
		};
		E105744F2273AAAE0044E686 /* Debug */ = {
			isa = XCBuildConfiguration;
			baseConfigurationReference = 09E6B8C3BBE6F2D1710355A4 /* Pods-Sketchpad.debug.xcconfig */;
			buildSettings = {
				ASSETCATALOG_COMPILER_APPICON_NAME = AppIcon;
				CODE_SIGN_IDENTITY = "iPhone Developer";
				CODE_SIGN_STYLE = Automatic;
				DEVELOPMENT_TEAM = RQAE768Z9N;
				INFOPLIST_FILE = Sketchpad/Info.plist;
				IPHONEOS_DEPLOYMENT_TARGET = 10.0;
				LD_RUNPATH_SEARCH_PATHS = (
					"$(inherited)",
					"@executable_path/Frameworks",
				);
				PRODUCT_BUNDLE_IDENTIFIER = com.iOSPlayground.Sketchpad;
				PRODUCT_NAME = "$(TARGET_NAME)";
				PROVISIONING_PROFILE_SPECIFIER = "";
				TARGETED_DEVICE_FAMILY = "1,2";
			};
			name = Debug;
		};
		E10574502273AAAE0044E686 /* Release */ = {
			isa = XCBuildConfiguration;
			baseConfigurationReference = F7176AFD586EB7EB250F507E /* Pods-Sketchpad.release.xcconfig */;
			buildSettings = {
				ASSETCATALOG_COMPILER_APPICON_NAME = AppIcon;
				CODE_SIGN_IDENTITY = "iPhone Developer";
				CODE_SIGN_STYLE = Automatic;
				DEVELOPMENT_TEAM = RQAE768Z9N;
				INFOPLIST_FILE = Sketchpad/Info.plist;
				IPHONEOS_DEPLOYMENT_TARGET = 10.0;
				LD_RUNPATH_SEARCH_PATHS = (
					"$(inherited)",
					"@executable_path/Frameworks",
				);
				PRODUCT_BUNDLE_IDENTIFIER = com.iOSPlayground.Sketchpad;
				PRODUCT_NAME = "$(TARGET_NAME)";
				PROVISIONING_PROFILE_SPECIFIER = "";
				TARGETED_DEVICE_FAMILY = "1,2";
			};
			name = Release;
		};
/* End XCBuildConfiguration section */

/* Begin XCConfigurationList section */
		E10574332273AAAD0044E686 /* Build configuration list for PBXProject "Sketchpad" */ = {
			isa = XCConfigurationList;
			buildConfigurations = (
				E105744C2273AAAE0044E686 /* Debug */,
				E105744D2273AAAE0044E686 /* Release */,
			);
			defaultConfigurationIsVisible = 0;
			defaultConfigurationName = Release;
		};
		E105744E2273AAAE0044E686 /* Build configuration list for PBXNativeTarget "Sketchpad" */ = {
			isa = XCConfigurationList;
			buildConfigurations = (
				E105744F2273AAAE0044E686 /* Debug */,
				E10574502273AAAE0044E686 /* Release */,
			);
			defaultConfigurationIsVisible = 0;
			defaultConfigurationName = Release;
		};
/* End XCConfigurationList section */
	};
	rootObject = E10574302273AAAD0044E686 /* Project object */;
}
